<?xml version="1.0" encoding="utf-8"?>
<Project ToolsVersion="4.0" xmlns="http://schemas.microsoft.com/developer/msbuild/2003">
  <ItemGroup>
    <Filter Include="Source Files">
      <UniqueIdentifier>{4FC737F1-C7A5-4376-A066-2A32D752A2FF}</UniqueIdentifier>
      <Extensions>cpp;c;cc;cxx;def;odl;idl;hpj;bat;asm;asmx</Extensions>
    </Filter>
    <Filter Include="Header Files">
      <UniqueIdentifier>{93995380-89BD-4b04-88EB-625FBE52EBFB}</UniqueIdentifier>
      <Extensions>h;hpp;hxx;hm;inl;inc;xsd</Extensions>
    </Filter>
    <Filter Include="Resource Files">
      <UniqueIdentifier>{67DA6AB6-F800-4c08-8B7A-83BB121AAD01}</UniqueIdentifier>
      <Extensions>rc;ico;cur;bmp;dlg;rc2;rct;bin;rgs;gif;jpg;jpeg;jpe;resx;tiff;tif;png;wav;mfcribbon-ms</Extensions>
    </Filter>
    <Filter Include="Driver Files">
      <UniqueIdentifier>{8E41214B-6785-4CFE-B992-037D68949A14}</UniqueIdentifier>
      <Extensions>inf;inv;inx;mof;mc;</Extensions>
    </Filter>
    <Filter Include="Header Files\Include">
      <UniqueIdentifier>{537e6a30-85e3-4165-b205-60f7d3f9dd0f}</UniqueIdentifier>
    </Filter>
    <Filter Include="Header Files\Include\RSA">
      <UniqueIdentifier>{74256d23-1637-4840-b3a7-0a048cbf9fb8}</UniqueIdentifier>
    </Filter>
    <Filter Include="Header Files\Include\Sessions">
      <UniqueIdentifier>{cc3557c8-51a9-4583-81f9-3d76e011d441}</UniqueIdentifier>
    </Filter>
    <Filter Include="Header Files\Include\Shared_Protocol">
      <UniqueIdentifier>{5cf58f61-c498-4c33-afb1-2b8f75d0c2ab}</UniqueIdentifier>
    </Filter>
    <Filter Include="Header Files\Include\IOCTL">
      <UniqueIdentifier>{65121b59-be6d-4666-8e54-d43d965fb688}</UniqueIdentifier>
    </Filter>
    <Filter Include="Header Files\Include\IOCTL\Common">
      <UniqueIdentifier>{8b12a765-e09d-4533-9042-4e6a4631b6f5}</UniqueIdentifier>
    </Filter>
    <Filter Include="Header Files\Include\IOCTL\Types">
      <UniqueIdentifier>{17ba637e-b231-4dad-b9cc-f0b914005965}</UniqueIdentifier>
    </Filter>
    <Filter Include="Source Files\Src">
      <UniqueIdentifier>{c50eec12-a901-4faa-a4b3-3ce44f16c050}</UniqueIdentifier>
    </Filter>
    <Filter Include="Source Files\Src\IOCTL">
      <UniqueIdentifier>{76f65991-998c-46e4-b900-beb9d8ceb836}</UniqueIdentifier>
    </Filter>
    <Filter Include="Source Files\Src\IOCTL\Handlers">
      <UniqueIdentifier>{a3a1aff0-bed5-4085-9ec7-c1b565683160}</UniqueIdentifier>
    </Filter>
    <Filter Include="Header Files\Include\IOCTL\Handlers">
      <UniqueIdentifier>{15764fa1-c339-4a39-abd5-d3223434f496}</UniqueIdentifier>
    </Filter>
    <Filter Include="Source Files\Src\RSA">
      <UniqueIdentifier>{88ff9b1d-d0c0-43c1-b76f-0b8b5713f9f6}</UniqueIdentifier>
    </Filter>
    <Filter Include="Source Files\Src\Integrity_Check">
      <UniqueIdentifier>{187796cf-48ae-434e-a3ad-907093e9e105}</UniqueIdentifier>
    </Filter>
    <Filter Include="Header Files\Include\Integrity_Check">
      <UniqueIdentifier>{827fe87c-de80-47f6-86ed-6364dccb5d3e}</UniqueIdentifier>
    </Filter>
    <Filter Include="Header Files\Include\IOCTL\Handlers\Func">
      <UniqueIdentifier>{4724c841-a41b-4c5f-bfa9-c7af7d1b378e}</UniqueIdentifier>
    </Filter>
    <Filter Include="Header Files\Include\Integrity_Check\Common">
      <UniqueIdentifier>{c4364826-2d10-40e0-b17d-4af31ad0dd49}</UniqueIdentifier>
    </Filter>
    <Filter Include="Header Files\Include\Integrity_Check\Types">
      <UniqueIdentifier>{b0bae1b7-d968-4c09-8cee-fe444a5c22c1}</UniqueIdentifier>
    </Filter>
    <Filter Include="Source Files\Src\Integrity_Check\Common">
      <UniqueIdentifier>{736dc0ee-1ca2-45ea-8689-849243de3587}</UniqueIdentifier>
    </Filter>
    <Filter Include="Source Files\Src\Module">
      <UniqueIdentifier>{799c2217-f8fe-4697-ad53-256eeff7348f}</UniqueIdentifier>
    </Filter>
    <Filter Include="Header Files\Include\Utils">
      <UniqueIdentifier>{d6c4656c-f668-4e0f-bd7c-b6e9e8dd02a9}</UniqueIdentifier>
    </Filter>
  </ItemGroup>
  <ItemGroup>
    <Inf Include="JimSec.inf">
      <Filter>Driver Files</Filter>
    </Inf>
  </ItemGroup>
  <ItemGroup>
    <ClInclude Include="SecurityDriver.h">
      <Filter>Header Files</Filter>
    </ClInclude>
    <ClInclude Include="IOCTL.h">
      <Filter>Header Files</Filter>
    </ClInclude>
    <ClInclude Include="HVCI.h">
      <Filter>Header Files</Filter>
    </ClInclude>
    <ClInclude Include="Include\RSA\MemoryKey.h">
      <Filter>Header Files\Include\RSA</Filter>
    </ClInclude>
    <ClInclude Include="Include\Sessions\Auth.h">
      <Filter>Header Files\Include\Sessions</Filter>
    </ClInclude>
    <ClInclude Include="Include\Shared_Protocol\Auth.h">
      <Filter>Header Files\Include\Shared_Protocol</Filter>
    </ClInclude>
    <ClInclude Include="Include\IOCTL\Types\PublicKey.h">
      <Filter>Header Files\Include\IOCTL\Types</Filter>
    </ClInclude>
    <ClInclude Include="Include\IOCTL\IoControlList.h">
      <Filter>Header Files\Include\IOCTL</Filter>
    </ClInclude>
    <ClInclude Include="Include\IOCTL\Handlers\PublicKey.h">
      <Filter>Header Files\Include\IOCTL\Handlers</Filter>
    </ClInclude>
    <ClInclude Include="Include\IOCTL\Handlers\Func\IoctlHandlerFunc.h">
      <Filter>Header Files\Include\IOCTL\Handlers\Func</Filter>
    </ClInclude>
    <ClInclude Include="Include\Integrity_Check\Common\SHA_256.h">
      <Filter>Header Files\Include\Integrity_Check\Common</Filter>
    </ClInclude>
    <ClInclude Include="Include\Integrity_Check\Types\SHA256_CTX.h">
      <Filter>Header Files\Include\Integrity_Check\Types</Filter>
    </ClInclude>
    <ClInclude Include="Include\Integrity_Check\Common\Macros.h">
      <Filter>Header Files\Include\Integrity_Check\Common</Filter>
    </ClInclude>
    <ClInclude Include="Include\Integrity_Check\Integrity.h">
      <Filter>Header Files\Include\Integrity_Check</Filter>
    </ClInclude>
    <ClInclude Include="Include\Utils\Kernel.h">
      <Filter>Header Files\Include\Utils</Filter>
    </ClInclude>
    <ClInclude Include="Include\Process\Module.h">
      <Filter>Header Files</Filter>
    </ClInclude>
    <ClInclude Include="Include\Process\Enum\Section.h">
      <Filter>Header Files</Filter>
    </ClInclude>
    <ClInclude Include="Include\PEB\Types\PEB_LDR_DATA.h">
      <Filter>Header Files</Filter>
    </ClInclude>
    <ClInclude Include="Include\PEB\Types\LDR_DATA_TABLE_ENTRY.h">
      <Filter>Header Files</Filter>
    </ClInclude>
    <ClInclude Include="Include\Kernel\Windows\NtProcess.h">
      <Filter>Header Files</Filter>
    </ClInclude>
    <ClInclude Include="Include\Kernel\Windows\NtMemory.h">
      <Filter>Header Files</Filter>
    </ClInclude>
    <ClInclude Include="Include\Process\Game.h">
      <Filter>Header Files</Filter>
    </ClInclude>
    <ClInclude Include="Include\Process\ProcessContext.h">
      <Filter>Header Files</Filter>
    </ClInclude>
    <ClInclude Include="Include\Process\Memory.h">
      <Filter>Header Files</Filter>
    </ClInclude>
    <ClInclude Include="Include\Process\ModuleAnalyzer.h">
      <Filter>Header Files</Filter>
    </ClInclude>
    <ClInclude Include="Include\Process\ProcessHelper.h">
      <Filter>Header Files</Filter>
    </ClInclude>
    <ClInclude Include="Src\Process\ProcessHelper.cpp">
      <Filter>Header Files</Filter>
    </ClInclude>
    <ClInclude Include="Src\Process\Game.cpp">
      <Filter>Header Files</Filter>
    </ClInclude>
    <ClInclude Include="Src\Process\ProcessContext.cpp">
      <Filter>Header Files</Filter>
    </ClInclude>
    <ClInclude Include="Include\IOCTL\Handlers\Ping.h">
      <Filter>Header Files</Filter>
    </ClInclude>
    <ClInclude Include="Include\AntiCheat\Manager.h">
      <Filter>Header Files</Filter>
    </ClInclude>
  </ItemGroup>
  <ItemGroup>
    <ClCompile Include="Driver.cpp">
      <Filter>Source Files</Filter>
    </ClCompile>
    <ClCompile Include="hvci.cpp">
      <Filter>Source Files</Filter>
    </ClCompile>
    <ClCompile Include="Authentication.cpp">
      <Filter>Source Files</Filter>
    </ClCompile>
    <ClCompile Include="CryptoProvider.cpp">
      <Filter>Source Files</Filter>
    </ClCompile>
    <ClCompile Include="Src\IOCTL\Handlers\PublicKey.cpp">
      <Filter>Source Files\Src\IOCTL\Handlers</Filter>
    </ClCompile>
    <ClCompile Include="Src\IOCTL\IoControlList.cpp">
      <Filter>Source Files\Src\IOCTL</Filter>
    </ClCompile>
    <ClCompile Include="Src\RSA\MemoryKey.cpp">
      <Filter>Source Files\Src\RSA</Filter>
    </ClCompile>
    <ClCompile Include="Src\Integrity_Check\Common\SHA_256.cpp">
      <Filter>Source Files\Src\Integrity_Check\Common</Filter>
    </ClCompile>
    <ClCompile Include="Src\Integrity_Check\Integrity.cpp">
      <Filter>Source Files\Src\Integrity_Check</Filter>
    </ClCompile>
    <ClCompile Include="Src\Process\Module.cpp">
      <Filter>Source Files\Src\Module</Filter>
    </ClCompile>
    <ClCompile Include="Src\Process\Memory.cpp">
      <Filter>Source Files</Filter>
    </ClCompile>
    <ClCompile Include="Src\Process\ModuleAnalyzer.cpp">
      <Filter>Source Files</Filter>
    </ClCompile>
    <ClCompile Include="Src\IOCTL\Handlers\Ping.cpp">
      <Filter>Source Files</Filter>
    </ClCompile>
    <ClCompile Include="Src\AntiCheat\Manager.cpp">
      <Filter>Source Files</Filter>
    </ClCompile>
  </ItemGroup>
</Project>